
Microsoft Visual Studio Solution File, Format Version 12.00
# Visual Studio Version 16
VisualStudioVersion = 16.0.31515.178
MinimumVisualStudioVersion = 10.0.40219.1
Project("{888888A0-9F3D-457C-B088-3A5042F75D52}") = "Amy_Giordano_CIS261_Country", "Amy_Giordano_CIS261_Country.pyproj", "{0144D41E-2D77-49F9-8A05-922D9070682C}"
EndProject
Global
	GlobalSection(SolutionConfigurationPlatforms) = preSolution
		Debug|Any CPU = Debug|Any CPU
		Release|Any CPU = Release|Any CPU
	EndGlobalSection
	GlobalSection(ProjectConfigurationPlatforms) = postSolution
		{0144D41E-2D77-49F9-8A05-922D9070682C}.Debug|Any CPU.ActiveCfg = Debug|Any CPU
		{0144D41E-2D77-49F9-8A05-922D9070682C}.Release|Any CPU.ActiveCfg = Release|Any CPU
	EndGlobalSection
	GlobalSection(SolutionProperties) = preSolution
		HideSolutionNode = FALSE
	EndGlobalSection
	GlobalSection(ExtensibilityGlobals) = postSolution
		SolutionGuid = {D0029F2C-1C0E-4F7F-A578-6D530B1491CE}
	EndGlobalSection
EndGlobal
